Microsoft Visual Studio Solution File, Format Version 12.00
# Visual Studio 2012
Project("{FAE04EC0-301F-11D3-BF4B-00C04F79EFBC}") = "Game.Client", "Game.Client.csproj", "{6E7E1343-2184-425F-B6B9-88D649620088}"
EndProject
Global
	GlobalSection(SolutionConfigurationPlatforms) = preSolution
	Debug|Any CPU = Debug|Any CPU
	ExportDebug|Any CPU = ExportDebug|Any CPU
	ExportRelease|Any CPU = ExportRelease|Any CPU
	EndGlobalSection
	GlobalSection(ProjectConfigurationPlatforms) = postSolution
		{6E7E1343-2184-425F-B6B9-88D649620088}.Debug|Any CPU.ActiveCfg = Debug|Any CPU
		{6E7E1343-2184-425F-B6B9-88D649620088}.Debug|Any CPU.Build.0 = Debug|Any CPU
		{6E7E1343-2184-425F-B6B9-88D649620088}.ExportDebug|Any CPU.ActiveCfg = ExportDebug|Any CPU
		{6E7E1343-2184-425F-B6B9-88D649620088}.ExportDebug|Any CPU.Build.0 = ExportDebug|Any CPU
		{6E7E1343-2184-425F-B6B9-88D649620088}.ExportRelease|Any CPU.ActiveCfg = ExportRelease|Any CPU
		{6E7E1343-2184-425F-B6B9-88D649620088}.ExportRelease|Any CPU.Build.0 = ExportRelease|Any CPU
	EndGlobalSection
EndGlobal
